# THIS IS AN AUTOGENERATED FILE. DO NOT EDIT THIS FILE DIRECTLY.
# yarn lockfile v1


include-media@^1.4.9:
  version "1.4.9"
  resolved "https://registry.yarnpkg.com/include-media/-/include-media-1.4.9.tgz#d0020b7be3eb2d54868a20943595ce380e0bc43b"

open-color@^1.6.3:
  version "1.6.3"
  resolved "https://registry.yarnpkg.com/open-color/-/open-color-1.6.3.tgz#ff0d62983bcdda8048b776daedda2237e8a322ed"
