# THIS IS AN AUTOGENERATED FILE. DO NOT EDIT THIS FILE DIRECTLY.
# yarn lockfile v1


"@babel/helper-plugin-utils@^7.8.0":
  version "7.10.4"
  resolved "https://registry.yarnpkg.com/@babel/helper-plugin-utils/-/helper-plugin-utils-7.10.4.tgz#2f75a831269d4f677de49986dff59927533cf375"
  integrity sha512-O4KCvQA6lLiMU9l2eawBPMf1xPP8xPfB3iEQw150hOVTqj/rfXz0ThTb4HEzqQfs2Bmo5Ay8BzxfzVtBrr9dVg==

"@babel/plugin-syntax-dynamic-import@^7.7.4":
  version "7.8.3"
  resolved "https://registry.yarnpkg.com/@babel/plugin-syntax-dynamic-import/-/plugin-syntax-dynamic-import-7.8.3.tgz#62bf98b2da3cd21d626154fc96ee5b3cb68eacb3"
  integrity sha512-5gdGbFon+PszYzqs83S3E5mpi7/y/8M9eC90MRTZfduQOYW76ig6SOSPNe41IG5LoP3FGBn2N0RjVDSQiS94kQ==
  dependencies:
    "@babel/helper-plugin-utils" "^7.8.0"

"@loadable/babel-plugin@^5.13.2":
  version "5.13.2"
  resolved "https://registry.yarnpkg.com/@loadable/babel-plugin/-/babel-plugin-5.13.2.tgz#373cddc64ee5437814f7dca1c1b6a7b2c1665a9f"
  integrity sha512-vSZUVeTH1S1sDbk8Tzft0plZSkN7W4zmVR5w/Bmy4UmvBiu9lin7ztrDpoUTUzxpoups+OJbTc/OosvN0aMXWg==
  dependencies:
    "@babel/plugin-syntax-dynamic-import" "^7.7.4"
